Microsoft Visual Studio Solution File, Format Version 12.00
# Visual Studio Version 17
VisualStudioVersion = 17.5.2.0
MinimumVisualStudioVersion = 10.0.40219.1
Project("{FAE04EC0-301F-11D3-BF4B-00C04F79EFBC}") = "Orchestra.Worker", "Orchestra.Worker.csproj", "{2C7D46B7-7AD2-37A4-5ABD-2B01E1A07B50}"
EndProject
Global
	GlobalSection(SolutionConfigurationPlatforms) = preSolution
		Debug|Any CPU = Debug|Any CPU
		Release|Any CPU = Release|Any CPU
	EndGlobalSection
	GlobalSection(ProjectConfigurationPlatforms) = postSolution
		{2C7D46B7-7AD2-37A4-5ABD-2B01E1A07B50}.Debug|Any CPU.ActiveCfg = Debug|Any CPU
		{2C7D46B7-7AD2-37A4-5ABD-2B01E1A07B50}.Debug|Any CPU.Build.0 = Debug|Any CPU
		{2C7D46B7-7AD2-37A4-5ABD-2B01E1A07B50}.Release|Any CPU.ActiveCfg = Release|Any CPU
		{2C7D46B7-7AD2-37A4-5ABD-2B01E1A07B50}.Release|Any CPU.Build.0 = Release|Any CPU
	EndGlobalSection
	GlobalSection(SolutionProperties) = preSolution
		HideSolutionNode = FALSE
	EndGlobalSection
	GlobalSection(ExtensibilityGlobals) = postSolution
		SolutionGuid = {68E31519-420F-44F2-90D7-239B0E570E1C}
	EndGlobalSection
EndGlobal
